
Microsoft Visual Studio Solution File, Format Version 12.00
# Visual Studio Version 17
VisualStudioVersion = 17.5.002.0
MinimumVisualStudioVersion = 10.0.40219.1
Project("{2150E333-8FDC-42A3-9474-1A3956D46DE8}") = "Banking", "Banking", "{D2DB1874-606C-4D80-8661-D4F14429418E}"
EndProject
Project("{9A19103F-16F7-4668-BE54-9A1E7A4F7556}") = "Csharp", "Banking\Csharp\Csharp.csproj", "{EE354830-DBF8-4BFA-B2CA-538236FFF2AB}"
EndProject
Global
	GlobalSection(SolutionConfigurationPlatforms) = preSolution
		Debug|Any CPU = Debug|Any CPU
		Release|Any CPU = Release|Any CPU
	EndGlobalSection
	GlobalSection(ProjectConfigurationPlatforms) = postSolution
		{EE354830-DBF8-4BFA-B2CA-538236FFF2AB}.Debug|Any CPU.ActiveCfg = Debug|Any CPU
		{EE354830-DBF8-4BFA-B2CA-538236FFF2AB}.Debug|Any CPU.Build.0 = Debug|Any CPU
		{EE354830-DBF8-4BFA-B2CA-538236FFF2AB}.Release|Any CPU.ActiveCfg = Release|Any CPU
		{EE354830-DBF8-4BFA-B2CA-538236FFF2AB}.Release|Any CPU.Build.0 = Release|Any CPU
	EndGlobalSection
	GlobalSection(SolutionProperties) = preSolution
		HideSolutionNode = FALSE
	EndGlobalSection
	GlobalSection(NestedProjects) = preSolution
		{EE354830-DBF8-4BFA-B2CA-538236FFF2AB} = {D2DB1874-606C-4D80-8661-D4F14429418E}
	EndGlobalSection
	GlobalSection(ExtensibilityGlobals) = postSolution
		SolutionGuid = {EABB7751-0BD6-43B7-8863-C47971377589}
	EndGlobalSection
EndGlobal
